
Microsoft Visual Studio Solution File, Format Version 12.00
# Visual Studio 14
VisualStudioVersion = 14.0.25420.1
MinimumVisualStudioVersion = 10.0.40219.1
Project("{FAE04EC0-301F-11D3-BF4B-00C04F79EFBC}") = "ManageFiles", "ManageFiles\ManageFiles.csproj", "{37A04A09-D9AC-4F43-B0D1-FA56EBF7F848}"
EndProject
Project("{FAE04EC0-301F-11D3-BF4B-00C04F79EFBC}") = "DataAccess", "DataAccess\DataAccess.csproj", "{47F7FE71-6065-47DD-9A80-3B92C01997FA}"
EndProject
Project("{FAE04EC0-301F-11D3-BF4B-00C04F79EFBC}") = "Common", "Common\Common.csproj", "{9F1B5287-D3D3-467B-8720-4C6F4AE853D1}"
EndProject
Project("{FAE04EC0-301F-11D3-BF4B-00C04F79EFBC}") = "Infrastructure", "Infrastructure\Infrastructure.csproj", "{8601FE6B-890A-4D1F-8609-8AD5947508D5}"
EndProject
Global
	GlobalSection(SolutionConfigurationPlatforms) = preSolution
		Debug|Any CPU = Debug|Any CPU
		Release|Any CPU = Release|Any CPU
	EndGlobalSection
	GlobalSection(ProjectConfigurationPlatforms) = postSolution
		{37A04A09-D9AC-4F43-B0D1-FA56EBF7F848}.Debug|Any CPU.ActiveCfg = Debug|Any CPU
		{37A04A09-D9AC-4F43-B0D1-FA56EBF7F848}.Debug|Any CPU.Build.0 = Debug|Any CPU
		{37A04A09-D9AC-4F43-B0D1-FA56EBF7F848}.Release|Any CPU.ActiveCfg = Release|Any CPU
		{37A04A09-D9AC-4F43-B0D1-FA56EBF7F848}.Release|Any CPU.Build.0 = Release|Any CPU
		{47F7FE71-6065-47DD-9A80-3B92C01997FA}.Debug|Any CPU.ActiveCfg = Debug|Any CPU
		{47F7FE71-6065-47DD-9A80-3B92C01997FA}.Debug|Any CPU.Build.0 = Debug|Any CPU
		{47F7FE71-6065-47DD-9A80-3B92C01997FA}.Release|Any CPU.ActiveCfg = Release|Any CPU
		{47F7FE71-6065-47DD-9A80-3B92C01997FA}.Release|Any CPU.Build.0 = Release|Any CPU
		{9F1B5287-D3D3-467B-8720-4C6F4AE853D1}.Debug|Any CPU.ActiveCfg = Debug|Any CPU
		{9F1B5287-D3D3-467B-8720-4C6F4AE853D1}.Debug|Any CPU.Build.0 = Debug|Any CPU
		{9F1B5287-D3D3-467B-8720-4C6F4AE853D1}.Release|Any CPU.ActiveCfg = Release|Any CPU
		{9F1B5287-D3D3-467B-8720-4C6F4AE853D1}.Release|Any CPU.Build.0 = Release|Any CPU
		{8601FE6B-890A-4D1F-8609-8AD5947508D5}.Debug|Any CPU.ActiveCfg = Debug|Any CPU
		{8601FE6B-890A-4D1F-8609-8AD5947508D5}.Debug|Any CPU.Build.0 = Debug|Any CPU
		{8601FE6B-890A-4D1F-8609-8AD5947508D5}.Release|Any CPU.ActiveCfg = Release|Any CPU
		{8601FE6B-890A-4D1F-8609-8AD5947508D5}.Release|Any CPU.Build.0 = Release|Any CPU
	EndGlobalSection
	GlobalSection(SolutionProperties) = preSolution
		HideSolutionNode = FALSE
	EndGlobalSection
EndGlobal
